
Microsoft Visual Studio Solution File, Format Version 12.00
# Visual Studio Version 17
VisualStudioVersion = 17.12.35707.178 d17.12
MinimumVisualStudioVersion = 10.0.40219.1
Project("{FAE04EC0-301F-11D3-BF4B-00C04F79EFBC}") = "OIDCAuthorizationServer", "OIDCAuthorizationServer\OIDCAuthorizationServer.csproj", "{CC6F0C46-8C55-489F-8E19-F395C39E6753}"
EndProject
Project("{FAE04EC0-301F-11D3-BF4B-00C04F79EFBC}") = "ResourceServer", "ResourceServer\ResourceServer.csproj", "{B7E3928F-689A-4920-884F-5EA83507DB5D}"
EndProject
Global
	GlobalSection(SolutionConfigurationPlatforms) = preSolution
		Debug|Any CPU = Debug|Any CPU
		Release|Any CPU = Release|Any CPU
	EndGlobalSection
	GlobalSection(ProjectConfigurationPlatforms) = postSolution
		{CC6F0C46-8C55-489F-8E19-F395C39E6753}.Debug|Any CPU.ActiveCfg = Debug|Any CPU
		{CC6F0C46-8C55-489F-8E19-F395C39E6753}.Debug|Any CPU.Build.0 = Debug|Any CPU
		{CC6F0C46-8C55-489F-8E19-F395C39E6753}.Release|Any CPU.ActiveCfg = Release|Any CPU
		{CC6F0C46-8C55-489F-8E19-F395C39E6753}.Release|Any CPU.Build.0 = Release|Any CPU
		{B7E3928F-689A-4920-884F-5EA83507DB5D}.Debug|Any CPU.ActiveCfg = Debug|Any CPU
		{B7E3928F-689A-4920-884F-5EA83507DB5D}.Debug|Any CPU.Build.0 = Debug|Any CPU
		{B7E3928F-689A-4920-884F-5EA83507DB5D}.Release|Any CPU.ActiveCfg = Release|Any CPU
		{B7E3928F-689A-4920-884F-5EA83507DB5D}.Release|Any CPU.Build.0 = Release|Any CPU
	EndGlobalSection
	GlobalSection(SolutionProperties) = preSolution
		HideSolutionNode = FALSE
	EndGlobalSection
EndGlobal
